
Microsoft Visual Studio Solution File, Format Version 12.00
# Visual Studio 2013
VisualStudioVersion = 12.0.31101.0
MinimumVisualStudioVersion = 10.0.40219.1
Project("{FAE04EC0-301F-11D3-BF4B-00C04F79EFBC}") = "Nwd.BackOffice", "Nwd.BackOffice\Nwd.BackOffice.csproj", "{C38E58AF-920C-488B-B0A6-420D8B50B060}"
EndProject
Project("{FAE04EC0-301F-11D3-BF4B-00C04F79EFBC}") = "Nwd.FrontOffice", "Nwd.FrontOffice\Nwd.FrontOffice.csproj", "{9A01CCE5-C016-4E3A-BFCC-1124C6390083}"
EndProject
Project("{FAE04EC0-301F-11D3-BF4B-00C04F79EFBC}") = "Nwd.Tests", "Nwd.Tests\Nwd.Tests.csproj", "{12216774-9E32-426F-BB73-5DE8FF08CF83}"
EndProject
Project("{2150E333-8FDC-42A3-9474-1A3956D46DE8}") = ".nuget", ".nuget", "{872C51C0-C1E2-4706-BEF9-DFA8B53DD7D3}"
	ProjectSection(SolutionItems) = preProject
		.nuget\packages.config = .nuget\packages.config
	EndProjectSection
EndProject
Project("{FAE04EC0-301F-11D3-BF4B-00C04F79EFBC}") = "Nwd.mvc", "Nwd.mvc\Nwd.mvc.csproj", "{4FFB89C3-9553-45CD-9396-E4586012C2D0}"
	ProjectSection(ProjectDependencies) = postProject
		{12216774-9E32-426F-BB73-5DE8FF08CF83} = {12216774-9E32-426F-BB73-5DE8FF08CF83}
	EndProjectSection
EndProject
Global
	GlobalSection(SolutionConfigurationPlatforms) = preSolution
		Debug|Any CPU = Debug|Any CPU
		Release|Any CPU = Release|Any CPU
	EndGlobalSection
	GlobalSection(ProjectConfigurationPlatforms) = postSolution
		{C38E58AF-920C-488B-B0A6-420D8B50B060}.Debug|Any CPU.ActiveCfg = Debug|Any CPU
		{C38E58AF-920C-488B-B0A6-420D8B50B060}.Debug|Any CPU.Build.0 = Debug|Any CPU
		{C38E58AF-920C-488B-B0A6-420D8B50B060}.Release|Any CPU.ActiveCfg = Release|Any CPU
		{C38E58AF-920C-488B-B0A6-420D8B50B060}.Release|Any CPU.Build.0 = Release|Any CPU
		{9A01CCE5-C016-4E3A-BFCC-1124C6390083}.Debug|Any CPU.ActiveCfg = Debug|Any CPU
		{9A01CCE5-C016-4E3A-BFCC-1124C6390083}.Debug|Any CPU.Build.0 = Debug|Any CPU
		{9A01CCE5-C016-4E3A-BFCC-1124C6390083}.Release|Any CPU.ActiveCfg = Release|Any CPU
		{9A01CCE5-C016-4E3A-BFCC-1124C6390083}.Release|Any CPU.Build.0 = Release|Any CPU
		{12216774-9E32-426F-BB73-5DE8FF08CF83}.Debug|Any CPU.ActiveCfg = Debug|Any CPU
		{12216774-9E32-426F-BB73-5DE8FF08CF83}.Debug|Any CPU.Build.0 = Debug|Any CPU
		{12216774-9E32-426F-BB73-5DE8FF08CF83}.Release|Any CPU.ActiveCfg = Release|Any CPU
		{12216774-9E32-426F-BB73-5DE8FF08CF83}.Release|Any CPU.Build.0 = Release|Any CPU
		{4FFB89C3-9553-45CD-9396-E4586012C2D0}.Debug|Any CPU.ActiveCfg = Debug|Any CPU
		{4FFB89C3-9553-45CD-9396-E4586012C2D0}.Debug|Any CPU.Build.0 = Debug|Any CPU
		{4FFB89C3-9553-45CD-9396-E4586012C2D0}.Release|Any CPU.ActiveCfg = Release|Any CPU
		{4FFB89C3-9553-45CD-9396-E4586012C2D0}.Release|Any CPU.Build.0 = Release|Any CPU
	EndGlobalSection
	GlobalSection(SolutionProperties) = preSolution
		HideSolutionNode = FALSE
	EndGlobalSection
EndGlobal
